
Microsoft Visual Studio Solution File, Format Version 12.00
# Visual Studio Version 16
VisualStudioVersion = 16.0.32126.315
MinimumVisualStudioVersion = 10.0.40219.1
Project("{9A19103F-16F7-4668-BE54-9A1E7A4F7556}") = "01.ReverseString", "01.ReverseString\01.ReverseString.csproj", "{9966C128-5CC2-436A-9C83-85A745892FE1}"
EndProject
Project("{9A19103F-16F7-4668-BE54-9A1E7A4F7556}") = "02.StackSum", "02.StackSum\02.StackSum.csproj", "{B139C544-8609-4A33-BF86-F22632A662AD}"
EndProject
Project("{9A19103F-16F7-4668-BE54-9A1E7A4F7556}") = "02.SumStackFromPpt", "02.SumStackFromPpt\02.SumStackFromPpt.csproj", "{8AABB0D4-22ED-4BAB-8530-BB2DDC8BE6B3}"
EndProject
Project("{9A19103F-16F7-4668-BE54-9A1E7A4F7556}") = "04.MatchingBrackets", "03.MatchingBrackets\04.MatchingBrackets.csproj", "{A7C22264-1E77-4A6E-A7DC-CAE234487CEE}"
EndProject
Project("{9A19103F-16F7-4668-BE54-9A1E7A4F7556}") = "08.TrafficJam", "05.TrafficJam\08.TrafficJam.csproj", "{99A8716D-02FB-4A7C-8367-0671361227AF}"
EndProject
Project("{9A19103F-16F7-4668-BE54-9A1E7A4F7556}") = "03.SimpleCalculator", "03.SimpleCalculator\03.SimpleCalculator.csproj", "{197BB939-4B9F-4118-B1B0-0018645B56F2}"
EndProject
Project("{9A19103F-16F7-4668-BE54-9A1E7A4F7556}") = "05.PrintEvenNumbers", "05.PrintEvenNumbers\05.PrintEvenNumbers.csproj", "{8A7E2136-D1EE-4346-B1DF-862B09028496}"
EndProject
Project("{9A19103F-16F7-4668-BE54-9A1E7A4F7556}") = "06.SuperMarket", "06.SuperMarket\06.SuperMarket.csproj", "{50140203-063C-4587-9574-84E0339C5916}"
EndProject
Project("{9A19103F-16F7-4668-BE54-9A1E7A4F7556}") = "07.HotPotato", "07.HotPotato\07.HotPotato.csproj", "{43686E1A-4AE8-41A0-9EDF-16B3E403341F}"
EndProject
Project("{9A19103F-16F7-4668-BE54-9A1E7A4F7556}") = "01.BasicStackOperations", "01.BasicStackOperations\01.BasicStackOperations.csproj", "{D1E02698-9EE7-4091-90DC-E7301D21B57F}"
EndProject
Project("{9A19103F-16F7-4668-BE54-9A1E7A4F7556}") = "02.BasicQueueOperations", "02.BasicQueueOperations\02.BasicQueueOperations.csproj", "{B668DCF7-2BEB-45CB-A2B1-1ED6C813C59A}"
EndProject
Project("{9A19103F-16F7-4668-BE54-9A1E7A4F7556}") = "03.MaximumAndMinimumElement", "03.MaximumAndMinimumElement\03.MaximumAndMinimumElement.csproj", "{F06E40AE-E143-474D-895C-ED19B518F4CC}"
EndProject
Project("{9A19103F-16F7-4668-BE54-9A1E7A4F7556}") = "04.FastFood", "04.FastFood\04.FastFood.csproj", "{E9CEF190-2C08-4577-9422-B1ACF3142056}"
EndProject
Project("{9A19103F-16F7-4668-BE54-9A1E7A4F7556}") = "05.FashionBoutique", "05.FashionBoutique\05.FashionBoutique.csproj", "{E8226839-647C-48A0-9291-B002344FB765}"
EndProject
Project("{9A19103F-16F7-4668-BE54-9A1E7A4F7556}") = "06.SongsQueue", "06.SongsQueue\06.SongsQueue.csproj", "{15A108BD-E608-417B-93F8-C373CED2FC7C}"
EndProject
Project("{9A19103F-16F7-4668-BE54-9A1E7A4F7556}") = "07.TruckTour", "07.TruckTour\07.TruckTour.csproj", "{189E5CEE-BD2E-40BE-8297-25341F3BD692}"
EndProject
Project("{9A19103F-16F7-4668-BE54-9A1E7A4F7556}") = "Exam-Food Finder 23.10.21", "Exam-Food Finder\Exam-Food Finder 23.10.21.csproj", "{C0955373-F029-4DDC-8A3A-AAEDDFB6719D}"
EndProject
Project("{9A19103F-16F7-4668-BE54-9A1E7A4F7556}") = "Exam-BakeryShop 20.02.2022", "Exam-BakeryShop\Exam-BakeryShop 20.02.2022.csproj", "{01FF06C8-5AF7-45F5-BA2C-A5CFBCB7C476}"
EndProject
Project("{9A19103F-16F7-4668-BE54-9A1E7A4F7556}") = "Exam-Blacksmith 16.12.21", "Exam-Blacksmith\Exam-Blacksmith 16.12.21.csproj", "{ECBCF08E-4150-43CD-9222-26F55A4F1B7A}"
EndProject
Project("{9A19103F-16F7-4668-BE54-9A1E7A4F7556}") = "Exam-BirthdayCelebration 18.08.21", "Exam-BirthdayCelebration 18.08.21\Exam-BirthdayCelebration 18.08.21.csproj", "{7A941C68-0C3B-4993-8C09-C3A3DE1F7F8F}"
EndProject
Project("{9A19103F-16F7-4668-BE54-9A1E7A4F7556}") = "Exam-Masterchef 26.06.2021", "Exam-Masterchef 26.06.2021\Exam-Masterchef 26.06.2021.csproj", "{894F9B28-71A3-439C-8CB0-394F7F3C4737}"
EndProject
Project("{9A19103F-16F7-4668-BE54-9A1E7A4F7556}") = "Exam-Lootbox 22.02.2020", "Exam-Lootbox 22.02.2020\Exam-Lootbox 22.02.2020.csproj", "{0DAD0B45-7574-4E38-AC8E-FDBEB406977C}"
EndProject
Project("{9A19103F-16F7-4668-BE54-9A1E7A4F7556}") = "Exam-Warm Winter 14.04.2021", "Exam-Warm Winter 14.04.2021\Exam-Warm Winter 14.04.2021.csproj", "{3F275BB7-4354-4205-889F-EA0BEDF75147}"
EndProject
Project("{9A19103F-16F7-4668-BE54-9A1E7A4F7556}") = "Exam-The Fight for Gondor 20.02.2021", "Exam-The Fight for Gondor 20.02.2021\Exam-The Fight for Gondor 20.02.2021.csproj", "{13AE3F76-61B3-407F-951B-73BADE990DA8}"
EndProject
Project("{9A19103F-16F7-4668-BE54-9A1E7A4F7556}") = "Exam-Cooking 16.12.2021", "Exam-Cooking 16.12.2021\Exam-Cooking 16.12.2021.csproj", "{9612DBD1-2DC9-4D25-96EF-CDCA8F112387}"
EndProject
Project("{9A19103F-16F7-4668-BE54-9A1E7A4F7556}") = "Exam-Scheduling 25.10.2020", "Exam-Scheduling 25.10.2020\Exam-Scheduling 25.10.2020.csproj", "{39F2DD85-2BBD-4AC7-A109-E43406B001D3}"
EndProject
Project("{2150E333-8FDC-42A3-9474-1A3956D46DE8}") = "Labs", "Labs", "{66DC78D3-B433-43A4-B1E8-B4976D42EBFC}"
EndProject
Project("{2150E333-8FDC-42A3-9474-1A3956D46DE8}") = "Exercises", "Exercises", "{725C973B-0731-49B6-840D-CC14A72491AA}"
EndProject
Project("{2150E333-8FDC-42A3-9474-1A3956D46DE8}") = "Exams", "Exams", "{C446E7B1-D79E-4FA2-894F-4298EA2DEE6C}"
EndProject
Project("{FAE04EC0-301F-11D3-BF4B-00C04F79EFBC}") = "Exam-Flower Wreaths 19.08.2020", "Exam-Flower Wreaths 19.08.2020\Exam-Flower Wreaths 19.08.2020.csproj", "{D581CF8B-DDFB-40AE-ADB9-756C72D42A40}"
EndProject
Project("{FAE04EC0-301F-11D3-BF4B-00C04F79EFBC}") = "Exam-Bombs 28.06.2020", "Exam-Bombs 28.06.2020\Exam-Bombs 28.06.2020.csproj", "{B62F5B39-2381-4DAC-9552-0AD140071EDC}"
EndProject
Global
	GlobalSection(SolutionConfigurationPlatforms) = preSolution
		Debug|Any CPU = Debug|Any CPU
		Release|Any CPU = Release|Any CPU
	EndGlobalSection
	GlobalSection(ProjectConfigurationPlatforms) = postSolution
		{9966C128-5CC2-436A-9C83-85A745892FE1}.Debug|Any CPU.ActiveCfg = Debug|Any CPU
		{9966C128-5CC2-436A-9C83-85A745892FE1}.Debug|Any CPU.Build.0 = Debug|Any CPU
		{9966C128-5CC2-436A-9C83-85A745892FE1}.Release|Any CPU.ActiveCfg = Release|Any CPU
		{9966C128-5CC2-436A-9C83-85A745892FE1}.Release|Any CPU.Build.0 = Release|Any CPU
		{B139C544-8609-4A33-BF86-F22632A662AD}.Debug|Any CPU.ActiveCfg = Debug|Any CPU
		{B139C544-8609-4A33-BF86-F22632A662AD}.Debug|Any CPU.Build.0 = Debug|Any CPU
		{B139C544-8609-4A33-BF86-F22632A662AD}.Release|Any CPU.ActiveCfg = Release|Any CPU
		{B139C544-8609-4A33-BF86-F22632A662AD}.Release|Any CPU.Build.0 = Release|Any CPU
		{8AABB0D4-22ED-4BAB-8530-BB2DDC8BE6B3}.Debug|Any CPU.ActiveCfg = Debug|Any CPU
		{8AABB0D4-22ED-4BAB-8530-BB2DDC8BE6B3}.Debug|Any CPU.Build.0 = Debug|Any CPU
		{8AABB0D4-22ED-4BAB-8530-BB2DDC8BE6B3}.Release|Any CPU.ActiveCfg = Release|Any CPU
		{8AABB0D4-22ED-4BAB-8530-BB2DDC8BE6B3}.Release|Any CPU.Build.0 = Release|Any CPU
		{A7C22264-1E77-4A6E-A7DC-CAE234487CEE}.Debug|Any CPU.ActiveCfg = Debug|Any CPU
		{A7C22264-1E77-4A6E-A7DC-CAE234487CEE}.Debug|Any CPU.Build.0 = Debug|Any CPU
		{A7C22264-1E77-4A6E-A7DC-CAE234487CEE}.Release|Any CPU.ActiveCfg = Release|Any CPU
		{A7C22264-1E77-4A6E-A7DC-CAE234487CEE}.Release|Any CPU.Build.0 = Release|Any CPU
		{99A8716D-02FB-4A7C-8367-0671361227AF}.Debug|Any CPU.ActiveCfg = Debug|Any CPU
		{99A8716D-02FB-4A7C-8367-0671361227AF}.Debug|Any CPU.Build.0 = Debug|Any CPU
		{99A8716D-02FB-4A7C-8367-0671361227AF}.Release|Any CPU.ActiveCfg = Release|Any CPU
		{99A8716D-02FB-4A7C-8367-0671361227AF}.Release|Any CPU.Build.0 = Release|Any CPU
		{197BB939-4B9F-4118-B1B0-0018645B56F2}.Debug|Any CPU.ActiveCfg = Debug|Any CPU
		{197BB939-4B9F-4118-B1B0-0018645B56F2}.Debug|Any CPU.Build.0 = Debug|Any CPU
		{197BB939-4B9F-4118-B1B0-0018645B56F2}.Release|Any CPU.ActiveCfg = Release|Any CPU
		{197BB939-4B9F-4118-B1B0-0018645B56F2}.Release|Any CPU.Build.0 = Release|Any CPU
		{8A7E2136-D1EE-4346-B1DF-862B09028496}.Debug|Any CPU.ActiveCfg = Debug|Any CPU
		{8A7E2136-D1EE-4346-B1DF-862B09028496}.Debug|Any CPU.Build.0 = Debug|Any CPU
		{8A7E2136-D1EE-4346-B1DF-862B09028496}.Release|Any CPU.ActiveCfg = Release|Any CPU
		{8A7E2136-D1EE-4346-B1DF-862B09028496}.Release|Any CPU.Build.0 = Release|Any CPU
		{50140203-063C-4587-9574-84E0339C5916}.Debug|Any CPU.ActiveCfg = Debug|Any CPU
		{50140203-063C-4587-9574-84E0339C5916}.Debug|Any CPU.Build.0 = Debug|Any CPU
		{50140203-063C-4587-9574-84E0339C5916}.Release|Any CPU.ActiveCfg = Release|Any CPU
		{50140203-063C-4587-9574-84E0339C5916}.Release|Any CPU.Build.0 = Release|Any CPU
		{43686E1A-4AE8-41A0-9EDF-16B3E403341F}.Debug|Any CPU.ActiveCfg = Debug|Any CPU
		{43686E1A-4AE8-41A0-9EDF-16B3E403341F}.Debug|Any CPU.Build.0 = Debug|Any CPU
		{43686E1A-4AE8-41A0-9EDF-16B3E403341F}.Release|Any CPU.ActiveCfg = Release|Any CPU
		{43686E1A-4AE8-41A0-9EDF-16B3E403341F}.Release|Any CPU.Build.0 = Release|Any CPU
		{D1E02698-9EE7-4091-90DC-E7301D21B57F}.Debug|Any CPU.ActiveCfg = Debug|Any CPU
		{D1E02698-9EE7-4091-90DC-E7301D21B57F}.Debug|Any CPU.Build.0 = Debug|Any CPU
		{D1E02698-9EE7-4091-90DC-E7301D21B57F}.Release|Any CPU.ActiveCfg = Release|Any CPU
		{D1E02698-9EE7-4091-90DC-E7301D21B57F}.Release|Any CPU.Build.0 = Release|Any CPU
		{B668DCF7-2BEB-45CB-A2B1-1ED6C813C59A}.Debug|Any CPU.ActiveCfg = Debug|Any CPU
		{B668DCF7-2BEB-45CB-A2B1-1ED6C813C59A}.Debug|Any CPU.Build.0 = Debug|Any CPU
		{B668DCF7-2BEB-45CB-A2B1-1ED6C813C59A}.Release|Any CPU.ActiveCfg = Release|Any CPU
		{B668DCF7-2BEB-45CB-A2B1-1ED6C813C59A}.Release|Any CPU.Build.0 = Release|Any CPU
		{F06E40AE-E143-474D-895C-ED19B518F4CC}.Debug|Any CPU.ActiveCfg = Debug|Any CPU
		{F06E40AE-E143-474D-895C-ED19B518F4CC}.Debug|Any CPU.Build.0 = Debug|Any CPU
		{F06E40AE-E143-474D-895C-ED19B518F4CC}.Release|Any CPU.ActiveCfg = Release|Any CPU
		{F06E40AE-E143-474D-895C-ED19B518F4CC}.Release|Any CPU.Build.0 = Release|Any CPU
		{E9CEF190-2C08-4577-9422-B1ACF3142056}.Debug|Any CPU.ActiveCfg = Debug|Any CPU
		{E9CEF190-2C08-4577-9422-B1ACF3142056}.Debug|Any CPU.Build.0 = Debug|Any CPU
		{E9CEF190-2C08-4577-9422-B1ACF3142056}.Release|Any CPU.ActiveCfg = Release|Any CPU
		{E9CEF190-2C08-4577-9422-B1ACF3142056}.Release|Any CPU.Build.0 = Release|Any CPU
		{E8226839-647C-48A0-9291-B002344FB765}.Debug|Any CPU.ActiveCfg = Debug|Any CPU
		{E8226839-647C-48A0-9291-B002344FB765}.Debug|Any CPU.Build.0 = Debug|Any CPU
		{E8226839-647C-48A0-9291-B002344FB765}.Release|Any CPU.ActiveCfg = Release|Any CPU
		{E8226839-647C-48A0-9291-B002344FB765}.Release|Any CPU.Build.0 = Release|Any CPU
		{15A108BD-E608-417B-93F8-C373CED2FC7C}.Debug|Any CPU.ActiveCfg = Debug|Any CPU
		{15A108BD-E608-417B-93F8-C373CED2FC7C}.Debug|Any CPU.Build.0 = Debug|Any CPU
		{15A108BD-E608-417B-93F8-C373CED2FC7C}.Release|Any CPU.ActiveCfg = Release|Any CPU
		{15A108BD-E608-417B-93F8-C373CED2FC7C}.Release|Any CPU.Build.0 = Release|Any CPU
		{189E5CEE-BD2E-40BE-8297-25341F3BD692}.Debug|Any CPU.ActiveCfg = Debug|Any CPU
		{189E5CEE-BD2E-40BE-8297-25341F3BD692}.Debug|Any CPU.Build.0 = Debug|Any CPU
		{189E5CEE-BD2E-40BE-8297-25341F3BD692}.Release|Any CPU.ActiveCfg = Release|Any CPU
		{189E5CEE-BD2E-40BE-8297-25341F3BD692}.Release|Any CPU.Build.0 = Release|Any CPU
		{C0955373-F029-4DDC-8A3A-AAEDDFB6719D}.Debug|Any CPU.ActiveCfg = Debug|Any CPU
		{C0955373-F029-4DDC-8A3A-AAEDDFB6719D}.Debug|Any CPU.Build.0 = Debug|Any CPU
		{C0955373-F029-4DDC-8A3A-AAEDDFB6719D}.Release|Any CPU.ActiveCfg = Release|Any CPU
		{C0955373-F029-4DDC-8A3A-AAEDDFB6719D}.Release|Any CPU.Build.0 = Release|Any CPU
		{01FF06C8-5AF7-45F5-BA2C-A5CFBCB7C476}.Debug|Any CPU.ActiveCfg = Debug|Any CPU
		{01FF06C8-5AF7-45F5-BA2C-A5CFBCB7C476}.Debug|Any CPU.Build.0 = Debug|Any CPU
		{01FF06C8-5AF7-45F5-BA2C-A5CFBCB7C476}.Release|Any CPU.ActiveCfg = Release|Any CPU
		{01FF06C8-5AF7-45F5-BA2C-A5CFBCB7C476}.Release|Any CPU.Build.0 = Release|Any CPU
		{ECBCF08E-4150-43CD-9222-26F55A4F1B7A}.Debug|Any CPU.ActiveCfg = Debug|Any CPU
		{ECBCF08E-4150-43CD-9222-26F55A4F1B7A}.Debug|Any CPU.Build.0 = Debug|Any CPU
		{ECBCF08E-4150-43CD-9222-26F55A4F1B7A}.Release|Any CPU.ActiveCfg = Release|Any CPU
		{ECBCF08E-4150-43CD-9222-26F55A4F1B7A}.Release|Any CPU.Build.0 = Release|Any CPU
		{7A941C68-0C3B-4993-8C09-C3A3DE1F7F8F}.Debug|Any CPU.ActiveCfg = Debug|Any CPU
		{7A941C68-0C3B-4993-8C09-C3A3DE1F7F8F}.Debug|Any CPU.Build.0 = Debug|Any CPU
		{7A941C68-0C3B-4993-8C09-C3A3DE1F7F8F}.Release|Any CPU.ActiveCfg = Release|Any CPU
		{7A941C68-0C3B-4993-8C09-C3A3DE1F7F8F}.Release|Any CPU.Build.0 = Release|Any CPU
		{894F9B28-71A3-439C-8CB0-394F7F3C4737}.Debug|Any CPU.ActiveCfg = Debug|Any CPU
		{894F9B28-71A3-439C-8CB0-394F7F3C4737}.Debug|Any CPU.Build.0 = Debug|Any CPU
		{894F9B28-71A3-439C-8CB0-394F7F3C4737}.Release|Any CPU.ActiveCfg = Release|Any CPU
		{894F9B28-71A3-439C-8CB0-394F7F3C4737}.Release|Any CPU.Build.0 = Release|Any CPU
		{0DAD0B45-7574-4E38-AC8E-FDBEB406977C}.Debug|Any CPU.ActiveCfg = Debug|Any CPU
		{0DAD0B45-7574-4E38-AC8E-FDBEB406977C}.Debug|Any CPU.Build.0 = Debug|Any CPU
		{0DAD0B45-7574-4E38-AC8E-FDBEB406977C}.Release|Any CPU.ActiveCfg = Release|Any CPU
		{0DAD0B45-7574-4E38-AC8E-FDBEB406977C}.Release|Any CPU.Build.0 = Release|Any CPU
		{3F275BB7-4354-4205-889F-EA0BEDF75147}.Debug|Any CPU.ActiveCfg = Debug|Any CPU
		{3F275BB7-4354-4205-889F-EA0BEDF75147}.Debug|Any CPU.Build.0 = Debug|Any CPU
		{3F275BB7-4354-4205-889F-EA0BEDF75147}.Release|Any CPU.ActiveCfg = Release|Any CPU
		{3F275BB7-4354-4205-889F-EA0BEDF75147}.Release|Any CPU.Build.0 = Release|Any CPU
		{13AE3F76-61B3-407F-951B-73BADE990DA8}.Debug|Any CPU.ActiveCfg = Debug|Any CPU
		{13AE3F76-61B3-407F-951B-73BADE990DA8}.Debug|Any CPU.Build.0 = Debug|Any CPU
		{13AE3F76-61B3-407F-951B-73BADE990DA8}.Release|Any CPU.ActiveCfg = Release|Any CPU
		{13AE3F76-61B3-407F-951B-73BADE990DA8}.Release|Any CPU.Build.0 = Release|Any CPU
		{9612DBD1-2DC9-4D25-96EF-CDCA8F112387}.Debug|Any CPU.ActiveCfg = Debug|Any CPU
		{9612DBD1-2DC9-4D25-96EF-CDCA8F112387}.Debug|Any CPU.Build.0 = Debug|Any CPU
		{9612DBD1-2DC9-4D25-96EF-CDCA8F112387}.Release|Any CPU.ActiveCfg = Release|Any CPU
		{9612DBD1-2DC9-4D25-96EF-CDCA8F112387}.Release|Any CPU.Build.0 = Release|Any CPU
		{39F2DD85-2BBD-4AC7-A109-E43406B001D3}.Debug|Any CPU.ActiveCfg = Debug|Any CPU
		{39F2DD85-2BBD-4AC7-A109-E43406B001D3}.Debug|Any CPU.Build.0 = Debug|Any CPU
		{39F2DD85-2BBD-4AC7-A109-E43406B001D3}.Release|Any CPU.ActiveCfg = Release|Any CPU
		{39F2DD85-2BBD-4AC7-A109-E43406B001D3}.Release|Any CPU.Build.0 = Release|Any CPU
		{D581CF8B-DDFB-40AE-ADB9-756C72D42A40}.Debug|Any CPU.ActiveCfg = Debug|Any CPU
		{D581CF8B-DDFB-40AE-ADB9-756C72D42A40}.Debug|Any CPU.Build.0 = Debug|Any CPU
		{D581CF8B-DDFB-40AE-ADB9-756C72D42A40}.Release|Any CPU.ActiveCfg = Release|Any CPU
		{D581CF8B-DDFB-40AE-ADB9-756C72D42A40}.Release|Any CPU.Build.0 = Release|Any CPU
		{B62F5B39-2381-4DAC-9552-0AD140071EDC}.Debug|Any CPU.ActiveCfg = Debug|Any CPU
		{B62F5B39-2381-4DAC-9552-0AD140071EDC}.Debug|Any CPU.Build.0 = Debug|Any CPU
		{B62F5B39-2381-4DAC-9552-0AD140071EDC}.Release|Any CPU.ActiveCfg = Release|Any CPU
		{B62F5B39-2381-4DAC-9552-0AD140071EDC}.Release|Any CPU.Build.0 = Release|Any CPU
	EndGlobalSection
	GlobalSection(SolutionProperties) = preSolution
		HideSolutionNode = FALSE
	EndGlobalSection
	GlobalSection(NestedProjects) = preSolution
		{9966C128-5CC2-436A-9C83-85A745892FE1} = {66DC78D3-B433-43A4-B1E8-B4976D42EBFC}
		{B139C544-8609-4A33-BF86-F22632A662AD} = {66DC78D3-B433-43A4-B1E8-B4976D42EBFC}
		{8AABB0D4-22ED-4BAB-8530-BB2DDC8BE6B3} = {66DC78D3-B433-43A4-B1E8-B4976D42EBFC}
		{A7C22264-1E77-4A6E-A7DC-CAE234487CEE} = {66DC78D3-B433-43A4-B1E8-B4976D42EBFC}
		{99A8716D-02FB-4A7C-8367-0671361227AF} = {725C973B-0731-49B6-840D-CC14A72491AA}
		{197BB939-4B9F-4118-B1B0-0018645B56F2} = {66DC78D3-B433-43A4-B1E8-B4976D42EBFC}
		{8A7E2136-D1EE-4346-B1DF-862B09028496} = {66DC78D3-B433-43A4-B1E8-B4976D42EBFC}
		{50140203-063C-4587-9574-84E0339C5916} = {66DC78D3-B433-43A4-B1E8-B4976D42EBFC}
		{43686E1A-4AE8-41A0-9EDF-16B3E403341F} = {66DC78D3-B433-43A4-B1E8-B4976D42EBFC}
		{D1E02698-9EE7-4091-90DC-E7301D21B57F} = {725C973B-0731-49B6-840D-CC14A72491AA}
		{B668DCF7-2BEB-45CB-A2B1-1ED6C813C59A} = {725C973B-0731-49B6-840D-CC14A72491AA}
		{F06E40AE-E143-474D-895C-ED19B518F4CC} = {725C973B-0731-49B6-840D-CC14A72491AA}
		{E9CEF190-2C08-4577-9422-B1ACF3142056} = {725C973B-0731-49B6-840D-CC14A72491AA}
		{E8226839-647C-48A0-9291-B002344FB765} = {725C973B-0731-49B6-840D-CC14A72491AA}
		{15A108BD-E608-417B-93F8-C373CED2FC7C} = {725C973B-0731-49B6-840D-CC14A72491AA}
		{189E5CEE-BD2E-40BE-8297-25341F3BD692} = {725C973B-0731-49B6-840D-CC14A72491AA}
		{C0955373-F029-4DDC-8A3A-AAEDDFB6719D} = {C446E7B1-D79E-4FA2-894F-4298EA2DEE6C}
		{01FF06C8-5AF7-45F5-BA2C-A5CFBCB7C476} = {C446E7B1-D79E-4FA2-894F-4298EA2DEE6C}
		{ECBCF08E-4150-43CD-9222-26F55A4F1B7A} = {C446E7B1-D79E-4FA2-894F-4298EA2DEE6C}
		{7A941C68-0C3B-4993-8C09-C3A3DE1F7F8F} = {C446E7B1-D79E-4FA2-894F-4298EA2DEE6C}
		{894F9B28-71A3-439C-8CB0-394F7F3C4737} = {C446E7B1-D79E-4FA2-894F-4298EA2DEE6C}
		{0DAD0B45-7574-4E38-AC8E-FDBEB406977C} = {C446E7B1-D79E-4FA2-894F-4298EA2DEE6C}
		{3F275BB7-4354-4205-889F-EA0BEDF75147} = {C446E7B1-D79E-4FA2-894F-4298EA2DEE6C}
		{13AE3F76-61B3-407F-951B-73BADE990DA8} = {C446E7B1-D79E-4FA2-894F-4298EA2DEE6C}
		{9612DBD1-2DC9-4D25-96EF-CDCA8F112387} = {C446E7B1-D79E-4FA2-894F-4298EA2DEE6C}
		{39F2DD85-2BBD-4AC7-A109-E43406B001D3} = {C446E7B1-D79E-4FA2-894F-4298EA2DEE6C}
		{D581CF8B-DDFB-40AE-ADB9-756C72D42A40} = {C446E7B1-D79E-4FA2-894F-4298EA2DEE6C}
		{B62F5B39-2381-4DAC-9552-0AD140071EDC} = {C446E7B1-D79E-4FA2-894F-4298EA2DEE6C}
	EndGlobalSection
	GlobalSection(ExtensibilityGlobals) = postSolution
		SolutionGuid = {52D30D86-B50A-4C5E-8518-59617E12693C}
	EndGlobalSection
EndGlobal
